
Microsoft Visual Studio Solution File, Format Version 12.00
# Visual Studio Version 17
VisualStudioVersion = 17.14.37614.0
MinimumVisualStudioVersion = 10.0.40219.1
Project("{FAE04EC0-301F-11D3-BF4B-00C04F79EFBC}") = "LoanSystemAPI", "LoanSystemAPI.csproj", "{3F9660E0-DA3D-4B99-BDB5-BD1507AE0D94}"
EndProject
Project("{2150E333-8FDC-42A3-9474-1A3956D46DE8}") = "tests", "tests", "{0AB3BF05-4346-4AA6-1389-037BE0695223}"
EndProject
Project("{FAE04EC0-301F-11D3-BF4B-00C04F79EFBC}") = "LoanSystemAPI.IntegrationTests", "tests\LoanSystemAPI.IntegrationTests\LoanSystemAPI.IntegrationTests.csproj", "{8F6C40A2-CCBC-4BA1-B959-233F2D0395F7}"
EndProject
Global
	GlobalSection(SolutionConfigurationPlatforms) = preSolution
		Debug|Any CPU = Debug|Any CPU
		Debug|x64 = Debug|x64
		Debug|x86 = Debug|x86
		Release|Any CPU = Release|Any CPU
		Release|x64 = Release|x64
		Release|x86 = Release|x86
	EndGlobalSection
	GlobalSection(ProjectConfigurationPlatforms) = postSolution
		{3F9660E0-DA3D-4B99-BDB5-BD1507AE0D94}.Debug|Any CPU.ActiveCfg = Debug|Any CPU
		{3F9660E0-DA3D-4B99-BDB5-BD1507AE0D94}.Debug|Any CPU.Build.0 = Debug|Any CPU
		{3F9660E0-DA3D-4B99-BDB5-BD1507AE0D94}.Debug|x64.ActiveCfg = Debug|Any CPU
		{3F9660E0-DA3D-4B99-BDB5-BD1507AE0D94}.Debug|x64.Build.0 = Debug|Any CPU
		{3F9660E0-DA3D-4B99-BDB5-BD1507AE0D94}.Debug|x86.ActiveCfg = Debug|Any CPU
		{3F9660E0-DA3D-4B99-BDB5-BD1507AE0D94}.Debug|x86.Build.0 = Debug|Any CPU
		{3F9660E0-DA3D-4B99-BDB5-BD1507AE0D94}.Release|Any CPU.ActiveCfg = Release|Any CPU
		{3F9660E0-DA3D-4B99-BDB5-BD1507AE0D94}.Release|Any CPU.Build.0 = Release|Any CPU
		{3F9660E0-DA3D-4B99-BDB5-BD1507AE0D94}.Release|x64.ActiveCfg = Release|Any CPU
		{3F9660E0-DA3D-4B99-BDB5-BD1507AE0D94}.Release|x64.Build.0 = Release|Any CPU
		{3F9660E0-DA3D-4B99-BDB5-BD1507AE0D94}.Release|x86.ActiveCfg = Release|Any CPU
		{3F9660E0-DA3D-4B99-BDB5-BD1507AE0D94}.Release|x86.Build.0 = Release|Any CPU
		{8F6C40A2-CCBC-4BA1-B959-233F2D0395F7}.Debug|Any CPU.ActiveCfg = Debug|Any CPU
		{8F6C40A2-CCBC-4BA1-B959-233F2D0395F7}.Debug|Any CPU.Build.0 = Debug|Any CPU
		{8F6C40A2-CCBC-4BA1-B959-233F2D0395F7}.Debug|x64.ActiveCfg = Debug|Any CPU
		{8F6C40A2-CCBC-4BA1-B959-233F2D0395F7}.Debug|x64.Build.0 = Debug|Any CPU
		{8F6C40A2-CCBC-4BA1-B959-233F2D0395F7}.Debug|x86.ActiveCfg = Debug|Any CPU
		{8F6C40A2-CCBC-4BA1-B959-233F2D0395F7}.Debug|x86.Build.0 = Debug|Any CPU
		{8F6C40A2-CCBC-4BA1-B959-233F2D0395F7}.Release|Any CPU.ActiveCfg = Release|Any CPU
		{8F6C40A2-CCBC-4BA1-B959-233F2D0395F7}.Release|Any CPU.Build.0 = Release|Any CPU
		{8F6C40A2-CCBC-4BA1-B959-233F2D0395F7}.Release|x64.ActiveCfg = Release|Any CPU
		{8F6C40A2-CCBC-4BA1-B959-233F2D0395F7}.Release|x64.Build.0 = Release|Any CPU
		{8F6C40A2-CCBC-4BA1-B959-233F2D0395F7}.Release|x86.ActiveCfg = Release|Any CPU
		{8F6C40A2-CCBC-4BA1-B959-233F2D0395F7}.Release|x86.Build.0 = Release|Any CPU
	EndGlobalSection
	GlobalSection(SolutionProperties) = preSolution
		HideSolutionNode = FALSE
	EndGlobalSection
	GlobalSection(NestedProjects) = preSolution
		{8F6C40A2-CCBC-4BA1-B959-233F2D0395F7} = {0AB3BF05-4346-4AA6-1389-037BE0695223}
	EndGlobalSection
	GlobalSection(ExtensibilityGlobals) = postSolution
		SolutionGuid = {6FD1DFF0-13FE-4076-9FEA-933BB714C711}
	EndGlobalSection
EndGlobal
